dependencies:
  espressif__led_strip:
    component_hash: null
    source:
      path: D:\coding_pirates\hacking\esp-projekter\esp2_green_ship\components\espressif__led_strip
      type: local
    version: 2.4.3
  idf:
    component_hash: null
    source:
      type: idf
    version: 5.1.1
manifest_hash: 8467f4ca0a641d1e4f06360a460bb43129295ca640617a5976880658cac27e69
target: esp32s3
version: 1.0.0
